HR-Mobile:
  ref: refs/tags/analyticsgen/PORTFOLIO-20161
  node_id: MDM6UmVmMjUxMjk2MzMwOnJlZnMvdGFncy9hbmFseXRpY3NnZW4vUE9SVEZPTElPLTIwMTYx
  url: https://api.github.com/repos/hhru/hh-mobile-analytics/git/refs/tags/analyticsgen/PORTFOLIO-20161
  object:
    sha: efebd390b4cdaa666aec9e06cbf32ae0b1e8889b
    type: commit
    url: https://api.github.com/repos/hhru/hh-mobile-analytics/git/commits/efebd390b4cdaa666aec9e06cbf32ae0b1e8889b
Applicant:
  ref: refs/tags/analyticsgen/PORTFOLIO-20161
  node_id: MDM6UmVmMjUxMjk2MzMwOnJlZnMvdGFncy9hbmFseXRpY3NnZW4vUE9SVEZPTElPLTIwMTYx
  url: https://api.github.com/repos/hhru/hh-mobile-analytics/git/refs/tags/analyticsgen/PORTFOLIO-20161
  object:
    sha: efebd390b4cdaa666aec9e06cbf32ae0b1e8889b
    type: commit
    url: https://api.github.com/repos/hhru/hh-mobile-analytics/git/commits/efebd390b4cdaa666aec9e06cbf32ae0b1e8889b
